
Microsoft Visual Studio Solution File, Format Version 12.00
# Visual Studio Version 16
VisualStudioVersion = 16.0.30225.117
MinimumVisualStudioVersion = 10.0.40219.1
Project("{FAE04EC0-301F-11D3-BF4B-00C04F79EFBC}") = "Tuples", "Tuples\Tuples.csproj", "{95B48F1A-EBE6-4846-85B4-34CDA14F43E2}"
EndProject
Global
	GlobalSection(SolutionConfigurationPlatforms) = preSolution
		Debug|Any CPU = Debug|Any CPU
		Release|Any CPU = Release|Any CPU
	EndGlobalSection
	GlobalSection(ProjectConfigurationPlatforms) = postSolution
		{95B48F1A-EBE6-4846-85B4-34CDA14F43E2}.Debug|Any CPU.ActiveCfg = Debug|Any CPU
		{95B48F1A-EBE6-4846-85B4-34CDA14F43E2}.Debug|Any CPU.Build.0 = Debug|Any CPU
		{95B48F1A-EBE6-4846-85B4-34CDA14F43E2}.Release|Any CPU.ActiveCfg = Release|Any CPU
		{95B48F1A-EBE6-4846-85B4-34CDA14F43E2}.Release|Any CPU.Build.0 = Release|Any CPU
	EndGlobalSection
	GlobalSection(SolutionProperties) = preSolution
		HideSolutionNode = FALSE
	EndGlobalSection
	GlobalSection(ExtensibilityGlobals) = postSolution
		SolutionGuid = {B5FB7D64-68B2-4CB7-8E36-00B090C132CC}
	EndGlobalSection
EndGlobal
